
Microsoft Visual Studio Solution File, Format Version 12.00
# Visual Studio 15
VisualStudioVersion = 15.0.27428.1
MinimumVisualStudioVersion = 10.0.40219.1
Project("{FAE04EC0-301F-11D3-BF4B-00C04F79EFBC}") = "NonogramSolver.Gui", "NonogramSolver\NonogramSolver.Gui.csproj", "{E6B6B95C-5916-44CF-B0B7-DFD7CDF5E602}"
	ProjectSection(ProjectDependencies) = postProject
		{6110DB1F-A54E-47D8-8916-B9E526AF92A2} = {6110DB1F-A54E-47D8-8916-B9E526AF92A2}
	EndProjectSection
EndProject
Project("{FAE04EC0-301F-11D3-BF4B-00C04F79EFBC}") = "NonogramSolver.Solver", "NonogramSolver.Solver\NonogramSolver.Solver.csproj", "{6110DB1F-A54E-47D8-8916-B9E526AF92A2}"
EndProject
Project("{FAE04EC0-301F-11D3-BF4B-00C04F79EFBC}") = "NonogramSolver.ConsoleSolver", "ConsoleSolver\NonogramSolver.ConsoleSolver.csproj", "{84BFD778-5259-4411-A2E5-136F295EC24E}"
	ProjectSection(ProjectDependencies) = postProject
		{6110DB1F-A54E-47D8-8916-B9E526AF92A2} = {6110DB1F-A54E-47D8-8916-B9E526AF92A2}
	EndProjectSection
EndProject
Project("{FAE04EC0-301F-11D3-BF4B-00C04F79EFBC}") = "NonogramSolver.Tests", "NonogramSolver.Tests\NonogramSolver.Tests.csproj", "{E5DC1ABB-4910-4DC2-8D59-6A56A74B2E69}"
	ProjectSection(ProjectDependencies) = postProject
		{6110DB1F-A54E-47D8-8916-B9E526AF92A2} = {6110DB1F-A54E-47D8-8916-B9E526AF92A2}
	EndProjectSection
EndProject
Global
	GlobalSection(SolutionConfigurationPlatforms) = preSolution
		Debug|Any CPU = Debug|Any CPU
		Release|Any CPU = Release|Any CPU
	EndGlobalSection
	GlobalSection(ProjectConfigurationPlatforms) = postSolution
		{E6B6B95C-5916-44CF-B0B7-DFD7CDF5E602}.Debug|Any CPU.ActiveCfg = Debug|Any CPU
		{E6B6B95C-5916-44CF-B0B7-DFD7CDF5E602}.Debug|Any CPU.Build.0 = Debug|Any CPU
		{E6B6B95C-5916-44CF-B0B7-DFD7CDF5E602}.Release|Any CPU.ActiveCfg = Release|Any CPU
		{E6B6B95C-5916-44CF-B0B7-DFD7CDF5E602}.Release|Any CPU.Build.0 = Release|Any CPU
		{6110DB1F-A54E-47D8-8916-B9E526AF92A2}.Debug|Any CPU.ActiveCfg = Debug|Any CPU
		{6110DB1F-A54E-47D8-8916-B9E526AF92A2}.Debug|Any CPU.Build.0 = Debug|Any CPU
		{6110DB1F-A54E-47D8-8916-B9E526AF92A2}.Release|Any CPU.ActiveCfg = Release|Any CPU
		{6110DB1F-A54E-47D8-8916-B9E526AF92A2}.Release|Any CPU.Build.0 = Release|Any CPU
		{84BFD778-5259-4411-A2E5-136F295EC24E}.Debug|Any CPU.ActiveCfg = Debug|Any CPU
		{84BFD778-5259-4411-A2E5-136F295EC24E}.Debug|Any CPU.Build.0 = Debug|Any CPU
		{84BFD778-5259-4411-A2E5-136F295EC24E}.Release|Any CPU.ActiveCfg = Release|Any CPU
		{84BFD778-5259-4411-A2E5-136F295EC24E}.Release|Any CPU.Build.0 = Release|Any CPU
		{E5DC1ABB-4910-4DC2-8D59-6A56A74B2E69}.Debug|Any CPU.ActiveCfg = Debug|Any CPU
		{E5DC1ABB-4910-4DC2-8D59-6A56A74B2E69}.Debug|Any CPU.Build.0 = Debug|Any CPU
		{E5DC1ABB-4910-4DC2-8D59-6A56A74B2E69}.Release|Any CPU.ActiveCfg = Release|Any CPU
		{E5DC1ABB-4910-4DC2-8D59-6A56A74B2E69}.Release|Any CPU.Build.0 = Release|Any CPU
	EndGlobalSection
	GlobalSection(SolutionProperties) = preSolution
		HideSolutionNode = FALSE
	EndGlobalSection
	GlobalSection(ExtensibilityGlobals) = postSolution
		SolutionGuid = {F3C7FDC5-F502-46DC-9F6A-C1EBACF926EE}
	EndGlobalSection
EndGlobal
